dependencies:
- name: opensearch
  repository: https://opensearch-project.github.io/helm-charts/
  version: 3.8.0
- name: opensearch-dashboards
  repository: https://opensearch-project.github.io/helm-charts/
  version: 3.8.0
digest: sha256:62982a454bf2c63152d434f11c12296e29ccef477d6ab83f44241e954b456356
generated: "2026-08-24T09:11:00.868374205-04:00"
